
Microsoft Visual Studio Solution File, Format Version 12.00
# Visual Studio Version 16
VisualStudioVersion = 16.0.30225.117
MinimumVisualStudioVersion = 10.0.40219.1
Project("{FAE04EC0-301F-11D3-BF4B-00C04F79EFBC}") = "MathQuiz", "MathQuiz\MathQuiz.csproj", "{E385B609-CF81-4A2F-BBEF-745D8EF8B528}"
EndProject
Global
	GlobalSection(SolutionConfigurationPlatforms) = preSolution
		Debug|Any CPU = Debug|Any CPU
		Release|Any CPU = Release|Any CPU
	EndGlobalSection
	GlobalSection(ProjectConfigurationPlatforms) = postSolution
		{E385B609-CF81-4A2F-BBEF-745D8EF8B528}.Debug|Any CPU.ActiveCfg = Debug|Any CPU
		{E385B609-CF81-4A2F-BBEF-745D8EF8B528}.Debug|Any CPU.Build.0 = Debug|Any CPU
		{E385B609-CF81-4A2F-BBEF-745D8EF8B528}.Release|Any CPU.ActiveCfg = Release|Any CPU
		{E385B609-CF81-4A2F-BBEF-745D8EF8B528}.Release|Any CPU.Build.0 = Release|Any CPU
	EndGlobalSection
	GlobalSection(SolutionProperties) = preSolution
		HideSolutionNode = FALSE
	EndGlobalSection
	GlobalSection(ExtensibilityGlobals) = postSolution
		SolutionGuid = {084031DE-B035-44AA-887C-D01DFA37CE93}
	EndGlobalSection
EndGlobal
